# This file was autogenerated by Stack.
# You should not edit this file by hand.
# For more information, please see the documentation at:
#   https://docs.haskellstack.org/en/stable/lock_files

packages:
- completed:
    hackage: heist-1.1.1.1@sha256:25ba1091365e275a97522f3e2ee1a99d8ec34a7b3dd8c4d7de38e97ac6498275,8952
    pantry-tree:
      sha256: 6fba887478b1f7a6295fc25ead8c98002d573c095883b3ad159a74f52c035f71
      size: 7407
  original:
    hackage: heist-1.1.1.1
- completed:
    hackage: snap-core-1.0.5.1@sha256:0d44f1bc84fcc0fcde31540d10dafb84b7d7a43211d1e35a333ae7dd5f9ab3c2,9813
    pantry-tree:
      sha256: 70d0af3d09423ab0957dcecc124212fa7eb761ff87041bdfcdc927eeb2d9d49a
      size: 3429
  original:
    hackage: snap-core-1.0.5.1
- completed:
    hackage: readable-0.3.1@sha256:ea550740bbee9ae46c6bbf1c5e5185818a1d37509b855c640b0a7f2dfba6dc37,1121
    pantry-tree:
      sha256: a93d2c4e208cf064a8b1e8087d7a8ea77c263115e7ba18f3ef6abe935548faca
      size: 313
  original:
    hackage: readable-0.3.1
snapshots:
- completed:
    sha256: 17870c63f8041ac17a38096124abeb953cb14d84bfc96deb88f9b24daa97b347
    size: 649332
    url: https://raw.githubusercontent.com/commercialhaskell/stackage-snapshots/master/lts/20/10.yaml
  original: lts-20.10
